# THIS IS AN AUTOGENERATED FILE. DO NOT EDIT THIS FILE DIRECTLY.
# yarn lockfile v1


"@braintree/wrap-promise@2.1.0":
  "integrity" "sha1-fif/xdrNLXFTOwxCUG7qjnwuUPo="
  "resolved" "https://artifactory.g.devqa.gcp.dev.paypalinc.com/artifactory/api/npm/npm-all/@braintree/wrap-promise/-/wrap-promise-2.1.0.tgz"
  "version" "2.1.0"

"@paypal/paypal-js@^5.1.1":
  "integrity" "sha1-jsWfTMAWrds95BUR9wlQ/QNZ/9s= sha512-1upF06pv0AUtTftRVSra44p8ibqGa3ruKLArvdhpZla25zcrND7R+nDUIMrJ0iteVYZowhujZStFs6NoruExfg=="
  "resolved" "https://artifactory.g.devqa.gcp.dev.paypalinc.com/artifactory/api/npm/npm-all/@paypal/paypal-js/-/paypal-js-5.1.6.tgz"
  "version" "5.1.6"
  dependencies:
    "promise-polyfill" "^8.3.0"

"accepts@~1.3.5":
  "integrity" "sha1-C/C+EltnAUrcsLCSHmLbe//hay4="
  "resolved" "https://artifactory.g.devqa.gcp.dev.paypalinc.com/artifactory/api/npm/npm-all/accepts/-/accepts-1.3.8.tgz"
  "version" "1.3.8"
  dependencies:
    "mime-types" "~2.1.34"
    "negotiator" "0.6.3"

"ansi-styles@^4.1.0":
  "integrity" "sha1-7dgDYornHATIWuegkG7a00tkiTc="
  "resolved" "https://artifactory.g.devqa.gcp.dev.paypalinc.com/artifactory/api/npm/npm-all/ansi-styles/-/ansi-styles-4.3.0.tgz"
  "version" "4.3.0"
  dependencies:
    "color-convert" "^2.0.1"

"array-flatten@1.1.1":
  "integrity" "sha1-ml9pkFGx5wczKPKgCJaLZOopVdI="
  "resolved" "https://artifactory.g.devqa.gcp.dev.paypalinc.com/artifactory/api/npm/npm-all/array-flatten/-/array-flatten-1.1.1.tgz"
  "version" "1.1.1"

"async@^3.2.3":
  "integrity" "sha1-LSLgD4zd61/eXdM1IrVtHPVpqBw="
  "resolved" "https://artifactory.g.devqa.gcp.dev.paypalinc.com/artifactory/api/npm/npm-all/async/-/async-3.2.4.tgz"
  "version" "3.2.4"

"balanced-match@^1.0.0":
  "integrity" "sha1-6D46fj8wCzTLnYf2FfoMvzV2kO4="
  "resolved" "https://artifactory.g.devqa.gcp.dev.paypalinc.com/artifactory/api/npm/npm-all/balanced-match/-/balanced-match-1.0.2.tgz"
  "version" "1.0.2"

"basic-auth@~2.0.0":
  "integrity" "sha1-uZgnm/R844NEtPPPkW1Gebv1Hjo="
  "resolved" "https://artifactory.g.devqa.gcp.dev.paypalinc.com/artifactory/api/npm/npm-all/basic-auth/-/basic-auth-2.0.1.tgz"
  "version" "2.0.1"
  dependencies:
    "safe-buffer" "5.1.2"

"body-parser@1.18.3":
  "integrity" "sha1-WykhmP/dVTs6DyDe0FkrlWlVyLQ="
  "resolved" "https://artifactory.g.devqa.gcp.dev.paypalinc.com/artifactory/api/npm/npm-all/body-parser/-/body-parser-1.18.3.tgz"
  "version" "1.18.3"
  dependencies:
    "bytes" "3.0.0"
    "content-type" "~1.0.4"
    "debug" "2.6.9"
    "depd" "~1.1.2"
    "http-errors" "~1.6.3"
    "iconv-lite" "0.4.23"
    "on-finished" "~2.3.0"
    "qs" "6.5.2"
    "raw-body" "2.3.3"
    "type-is" "~1.6.16"

"brace-expansion@^1.1.7":
  "integrity" "sha1-PH/L9SnYcibz0vUrlm/1Jx60Qd0="
  "resolved" "https://artifactory.g.devqa.gcp.dev.paypalinc.com/artifactory/api/npm/npm-all/brace-expansion/-/brace-expansion-1.1.11.tgz"
  "version" "1.1.11"
  dependencies:
    "balanced-match" "^1.0.0"
    "concat-map" "0.0.1"

"brace-expansion@^2.0.1":
  "integrity" "sha1-HtxFng8MVISG7Pn8mfIiE2S5oK4="
  "resolved" "https://artifactory.g.devqa.gcp.dev.paypalinc.com/artifactory/api/npm/npm-all/brace-expansion/-/brace-expansion-2.0.1.tgz"
  "version" "2.0.1"
  dependencies:
    "balanced-match" "^1.0.0"

"braintree@^3.8.0":
  "integrity" "sha1-HS7PZbwtEyEz+EJZYeo4eLJD3bc= sha512-J6Ps1nZvf3wiFitPyJYUNaThsY7ATDY7JyUo2kAppXK00ZvPRQ1N0XWp3XNPhNvdJGLRXjmamUvCatEKV9jb7g=="
  "resolved" "https://artifactory.g.devqa.gcp.dev.paypalinc.com/artifactory/api/npm/npm-all/braintree/-/braintree-3.15.0.tgz"
  "version" "3.15.0"
  dependencies:
    "@braintree/wrap-promise" "2.1.0"
    "dateformat" "4.5.1"
    "xml2js" "0.5.0"

"bytes@3.0.0":
  "integrity" "sha1-0ygVQE1olpn4Wk6k+odV3ROpYEg="
  "resolved" "https://artifactory.g.devqa.gcp.dev.paypalinc.com/artifactory/api/npm/npm-all/bytes/-/bytes-3.0.0.tgz"
  "version" "3.0.0"

"chalk@^4.0.2":
  "integrity" "sha1-qsTit3NKdAhnrrFr8CqtVWoeegE="
  "resolved" "https://artifactory.g.devqa.gcp.dev.paypalinc.com/artifactory/api/npm/npm-all/chalk/-/chalk-4.1.2.tgz"
  "version" "4.1.2"
  dependencies:
    "ansi-styles" "^4.1.0"
    "supports-color" "^7.1.0"

"color-convert@^2.0.1":
  "integrity" "sha1-ctOmjVmMm9s68q0ehPIdiWq9TeM="
  "resolved" "https://artifactory.g.devqa.gcp.dev.paypalinc.com/artifactory/api/npm/npm-all/color-convert/-/color-convert-2.0.1.tgz"
  "version" "2.0.1"
  dependencies:
    "color-name" "~1.1.4"

"color-name@~1.1.4":
  "integrity" "sha1-wqCah6y95pVD3m9j+jmVyCbFNqI="
  "resolved" "https://artifactory.g.devqa.gcp.dev.paypalinc.com/artifactory/api/npm/npm-all/color-name/-/color-name-1.1.4.tgz"
  "version" "1.1.4"

"concat-map@0.0.1":
  "integrity" "sha1-2Klr13/Wjfd5OnMDajug1UBdR3s="
  "resolved" "https://artifactory.g.devqa.gcp.dev.paypalinc.com/artifactory/api/npm/npm-all/concat-map/-/concat-map-0.0.1.tgz"
  "version" "0.0.1"

"content-disposition@0.5.2":
  "integrity" "sha1-DPaLud318r55YcOoUXjLhdunjLQ="
  "resolved" "https://artifactory.g.devqa.gcp.dev.paypalinc.com/artifactory/api/npm/npm-all/content-disposition/-/content-disposition-0.5.2.tgz"
  "version" "0.5.2"

"content-type@~1.0.4":
  "integrity" "sha1-i3cxYmVtHRCGeEyPI6VM5tc9eRg= sha512-nTjqfcBFEipKdXCv4YDQWCfmcLZKm81ldF0pAopTvyrFGVbcR6P/VAAd5G7N+0tTr8QqiU0tFadD6FK4NtJwOA=="
  "resolved" "https://artifactory.g.devqa.gcp.dev.paypalinc.com/artifactory/api/npm/npm-all/content-type/-/content-type-1.0.5.tgz"
  "version" "1.0.5"

"cookie-parser@~1.4.4":
  "integrity" "sha1-OsOn01p6A7vH42UHOiYHSCQhRZQ="
  "resolved" "https://artifactory.g.devqa.gcp.dev.paypalinc.com/artifactory/api/npm/npm-all/cookie-parser/-/cookie-parser-1.4.6.tgz"
  "version" "1.4.6"
  dependencies:
    "cookie" "0.4.1"
    "cookie-signature" "1.0.6"

"cookie-signature@1.0.6":
  "integrity" "sha1-4wOogrNCzD7oylE6eZmXNNqzriw="
  "resolved" "https://artifactory.g.devqa.gcp.dev.paypalinc.com/artifactory/api/npm/npm-all/cookie-signature/-/cookie-signature-1.0.6.tgz"
  "version" "1.0.6"

"cookie@0.3.1":
  "integrity" "sha1-5+Ch+e9DtMi6klxcWpboBtFoc7s="
  "resolved" "https://artifactory.g.devqa.gcp.dev.paypalinc.com/artifactory/api/npm/npm-all/cookie/-/cookie-0.3.1.tgz"
  "version" "0.3.1"

"cookie@0.4.1":
  "integrity" "sha1-r9cT/ibr0hupXOth+agRblClN9E="
  "resolved" "https://artifactory.g.devqa.gcp.dev.paypalinc.com/artifactory/api/npm/npm-all/cookie/-/cookie-0.4.1.tgz"
  "version" "0.4.1"

"dateformat@4.5.1":
  "integrity" "sha1-wg56nKd9FHkGttwiYai+ClvSFzw="
  "resolved" "https://artifactory.g.devqa.gcp.dev.paypalinc.com/artifactory/api/npm/npm-all/dateformat/-/dateformat-4.5.1.tgz"
  "version" "4.5.1"

"debug@~2.6.9", "debug@2.6.9":
  "integrity" "sha1-XRKFFd8TT/Mn6QpMk/Tgd6U2NB8="
  "resolved" "https://artifactory.g.devqa.gcp.dev.paypalinc.com/artifactory/api/npm/npm-all/debug/-/debug-2.6.9.tgz"
  "version" "2.6.9"
  dependencies:
    "ms" "2.0.0"

"depd@~1.1.2":
  "integrity" "sha1-m81S4UwJd2PnSbJ0xDRu0uVgtak="
  "resolved" "https://artifactory.g.devqa.gcp.dev.paypalinc.com/artifactory/api/npm/npm-all/depd/-/depd-1.1.2.tgz"
  "version" "1.1.2"

"destroy@~1.0.4":
  "integrity" "sha1-l4hXRCxEdJ5CBmE+N5RiBYJqvYA="
  "resolved" "https://artifactory.g.devqa.gcp.dev.paypalinc.com/artifactory/api/npm/npm-all/destroy/-/destroy-1.0.4.tgz"
  "version" "1.0.4"

"dotenv@^16.0.0":
  "integrity" "sha1-EVrsQrrFBT2zxFbbMMwkOlqDagc= sha512-7GO6HghkA5fYG9TYnNxi14/7K9f5occMlp3zXAuSxn7CKCxt9xbNWG7yF8hTCSUchlfWSe3uLmlPfigevRItzQ=="
  "resolved" "https://artifactory.g.devqa.gcp.dev.paypalinc.com/artifactory/api/npm/npm-all/dotenv/-/dotenv-16.0.3.tgz"
  "version" "16.0.3"

"ee-first@1.1.1":
  "integrity" "sha1-WQxhFWsK4vTwJVcyoViyZrxWsh0="
  "resolved" "https://artifactory.g.devqa.gcp.dev.paypalinc.com/artifactory/api/npm/npm-all/ee-first/-/ee-first-1.1.1.tgz"
  "version" "1.1.1"

"ejs@^3.1.6":
  "integrity" "sha1-A8nod3/hJoap7/zvIjA8o9jus2E= sha512-rC+QVNMJWv+MtPgkt0y+0rVEIdbtxVADApW9JXrUVlzHetgcyczP/E7DJmWJ4fJCZF2cPcBk0laWO9ZHMG3DmQ=="
  "resolved" "https://artifactory.g.devqa.gcp.dev.paypalinc.com/artifactory/api/npm/npm-all/ejs/-/ejs-3.1.9.tgz"
  "version" "3.1.9"
  dependencies:
    "jake" "^10.8.5"

"encodeurl@~1.0.2":
  "integrity" "sha1-rT/0yG7C0CkyL1oCw6mmBslbP1k="
  "resolved" "https://artifactory.g.devqa.gcp.dev.paypalinc.com/artifactory/api/npm/npm-all/encodeurl/-/encodeurl-1.0.2.tgz"
  "version" "1.0.2"

"escape-html@~1.0.3":
  "integrity" "sha1-Aljq5NPQwJdN4cFpGI7wBR0dGYg="
  "resolved" "https://artifactory.g.devqa.gcp.dev.paypalinc.com/artifactory/api/npm/npm-all/escape-html/-/escape-html-1.0.3.tgz"
  "version" "1.0.3"

"etag@~1.8.1":
  "integrity" "sha1-Qa4u62XvpiJorr/qg6x9eSmbCIc="
  "resolved" "https://artifactory.g.devqa.gcp.dev.paypalinc.com/artifactory/api/npm/npm-all/etag/-/etag-1.8.1.tgz"
  "version" "1.8.1"

"express@~4.16.1":
  "integrity" "sha1-/d72GSYQniTFFeqX/S8b2/Yt8S4="
  "resolved" "https://artifactory.g.devqa.gcp.dev.paypalinc.com/artifactory/api/npm/npm-all/express/-/express-4.16.4.tgz"
  "version" "4.16.4"
  dependencies:
    "accepts" "~1.3.5"
    "array-flatten" "1.1.1"
    "body-parser" "1.18.3"
    "content-disposition" "0.5.2"
    "content-type" "~1.0.4"
    "cookie" "0.3.1"
    "cookie-signature" "1.0.6"
    "debug" "2.6.9"
    "depd" "~1.1.2"
    "encodeurl" "~1.0.2"
    "escape-html" "~1.0.3"
    "etag" "~1.8.1"
    "finalhandler" "1.1.1"
    "fresh" "0.5.2"
    "merge-descriptors" "1.0.1"
    "methods" "~1.1.2"
    "on-finished" "~2.3.0"
    "parseurl" "~1.3.2"
    "path-to-regexp" "0.1.7"
    "proxy-addr" "~2.0.4"
    "qs" "6.5.2"
    "range-parser" "~1.2.0"
    "safe-buffer" "5.1.2"
    "send" "0.16.2"
    "serve-static" "1.13.2"
    "setprototypeof" "1.1.0"
    "statuses" "~1.4.0"
    "type-is" "~1.6.16"
    "utils-merge" "1.0.1"
    "vary" "~1.1.2"

"filelist@^1.0.1":
  "integrity" "sha1-94l4oelEd1/55i50RCTyFeWDUrU="
  "resolved" "https://artifactory.g.devqa.gcp.dev.paypalinc.com/artifactory/api/npm/npm-all/filelist/-/filelist-1.0.4.tgz"
  "version" "1.0.4"
  dependencies:
    "minimatch" "^5.0.1"

"finalhandler@1.1.1":
  "integrity" "sha1-7r9O2EAHnIP0JJA4ydcDAIMBsQU="
  "resolved" "https://artifactory.g.devqa.gcp.dev.paypalinc.com/artifactory/api/npm/npm-all/finalhandler/-/finalhandler-1.1.1.tgz"
  "version" "1.1.1"
  dependencies:
    "debug" "2.6.9"
    "encodeurl" "~1.0.2"
    "escape-html" "~1.0.3"
    "on-finished" "~2.3.0"
    "parseurl" "~1.3.2"
    "statuses" "~1.4.0"
    "unpipe" "~1.0.0"

"forwarded@0.2.0":
  "integrity" "sha1-ImmTZCiq1MFcfr6XeahL8LKoGBE="
  "resolved" "https://artifactory.g.devqa.gcp.dev.paypalinc.com/artifactory/api/npm/npm-all/forwarded/-/forwarded-0.2.0.tgz"
  "version" "0.2.0"

"fresh@0.5.2":
  "integrity" "sha1-PYyt2Q2XZWn6g1qx+OSyOhBWBac="
  "resolved" "https://artifactory.g.devqa.gcp.dev.paypalinc.com/artifactory/api/npm/npm-all/fresh/-/fresh-0.5.2.tgz"
  "version" "0.5.2"

"has-flag@^4.0.0":
  "integrity" "sha1-lEdx/ZyByBJlxNaUGGDaBrtZR5s="
  "resolved" "https://artifactory.g.devqa.gcp.dev.paypalinc.com/artifactory/api/npm/npm-all/has-flag/-/has-flag-4.0.0.tgz"
  "version" "4.0.0"

"http-errors@~1.6.2", "http-errors@~1.6.3", "http-errors@1.6.3":
  "integrity" "sha1-i1VoC7S+KDoLW/TqLjhYC+HZMg0="
  "resolved" "https://artifactory.g.devqa.gcp.dev.paypalinc.com/artifactory/api/npm/npm-all/http-errors/-/http-errors-1.6.3.tgz"
  "version" "1.6.3"
  dependencies:
    "depd" "~1.1.2"
    "inherits" "2.0.3"
    "setprototypeof" "1.1.0"
    "statuses" ">= 1.4.0 < 2"

"iconv-lite@0.4.23":
  "integrity" "sha1-KXhx9jvlB63Pv8pxXQzQ7thOmmM="
  "resolved" "https://artifactory.g.devqa.gcp.dev.paypalinc.com/artifactory/api/npm/npm-all/iconv-lite/-/iconv-lite-0.4.23.tgz"
  "version" "0.4.23"
  dependencies:
    "safer-buffer" ">= 2.1.2 < 3"

"inherits@2.0.3":
  "integrity" "sha1-Yzwsg+PaQqUC9SRmAiSA9CCCYd4="
  "resolved" "https://artifactory.g.devqa.gcp.dev.paypalinc.com/artifactory/api/npm/npm-all/inherits/-/inherits-2.0.3.tgz"
  "version" "2.0.3"

"ipaddr.js@1.9.1":
  "integrity" "sha1-v/OFQ+64mEglB5/zoqjmy9RngbM="
  "resolved" "https://artifactory.g.devqa.gcp.dev.paypalinc.com/artifactory/api/npm/npm-all/ipaddr.js/-/ipaddr.js-1.9.1.tgz"
  "version" "1.9.1"

"jake@^10.8.5":
  "integrity" "sha1-8hg9LFk4LLJ0ImA0VDucA7gWTEY="
  "resolved" "https://artifactory.g.devqa.gcp.dev.paypalinc.com/artifactory/api/npm/npm-all/jake/-/jake-10.8.5.tgz"
  "version" "10.8.5"
  dependencies:
    "async" "^3.2.3"
    "chalk" "^4.0.2"
    "filelist" "^1.0.1"
    "minimatch" "^3.0.4"

"media-typer@0.3.0":
  "integrity" "sha1-hxDXrwqmJvj/+hzgAWhUUmMlV0g="
  "resolved" "https://artifactory.g.devqa.gcp.dev.paypalinc.com/artifactory/api/npm/npm-all/media-typer/-/media-typer-0.3.0.tgz"
  "version" "0.3.0"

"merge-descriptors@1.0.1":
  "integrity" "sha1-sAqqVW3YtEVoFQ7J0blT8/kMu2E="
  "resolved" "https://artifactory.g.devqa.gcp.dev.paypalinc.com/artifactory/api/npm/npm-all/merge-descriptors/-/merge-descriptors-1.0.1.tgz"
  "version" "1.0.1"

"methods@~1.1.2":
  "integrity" "sha1-VSmk1nZUE07cxSZmVoNbD4Ua/O4="
  "resolved" "https://artifactory.g.devqa.gcp.dev.paypalinc.com/artifactory/api/npm/npm-all/methods/-/methods-1.1.2.tgz"
  "version" "1.1.2"

"mime-db@1.52.0":
  "integrity" "sha1-u6vNwChZ9JhzAchW4zh85exDv3A="
  "resolved" "https://artifactory.g.devqa.gcp.dev.paypalinc.com/artifactory/api/npm/npm-all/mime-db/-/mime-db-1.52.0.tgz"
  "version" "1.52.0"

"mime-types@~2.1.24", "mime-types@~2.1.34":
  "integrity" "sha1-OBqHG2KnNEUGYK497uRIE/cNlZo="
  "resolved" "https://artifactory.g.devqa.gcp.dev.paypalinc.com/artifactory/api/npm/npm-all/mime-types/-/mime-types-2.1.35.tgz"
  "version" "2.1.35"
  dependencies:
    "mime-db" "1.52.0"

"mime@1.4.1":
  "integrity" "sha1-Eh+evEnjdm8xGnbh+hyAA8SwOqY="
  "resolved" "https://artifactory.g.devqa.gcp.dev.paypalinc.com/artifactory/api/npm/npm-all/mime/-/mime-1.4.1.tgz"
  "version" "1.4.1"

"minimatch@^3.0.4":
  "integrity" "sha1-Gc0ZS/0+Qo8EmnCBfAONiatL41s="
  "resolved" "https://artifactory.g.devqa.gcp.dev.paypalinc.com/artifactory/api/npm/npm-all/minimatch/-/minimatch-3.1.2.tgz"
  "version" "3.1.2"
  dependencies:
    "brace-expansion" "^1.1.7"

"minimatch@^5.0.1":
  "integrity" "sha1-HPy4z1Ui6mmVLNKvla4JR38SKpY= sha512-lKwV/1brpG6mBUFHtb7NUmtABCb2WZZmm2wNiOA5hAb8VdCS4B3dtMWyvcoViccwAW/COERjXLt0zP1zXUN26g=="
  "resolved" "https://artifactory.g.devqa.gcp.dev.paypalinc.com/artifactory/api/npm/npm-all/minimatch/-/minimatch-5.1.6.tgz"
  "version" "5.1.6"
  dependencies:
    "brace-expansion" "^2.0.1"

"morgan@~1.9.1":
  "integrity" "sha1-Co0Wc0odmvvIJLmd+H5zjlji2lk="
  "resolved" "https://artifactory.g.devqa.gcp.dev.paypalinc.com/artifactory/api/npm/npm-all/morgan/-/morgan-1.9.1.tgz"
  "version" "1.9.1"
  dependencies:
    "basic-auth" "~2.0.0"
    "debug" "2.6.9"
    "depd" "~1.1.2"
    "on-finished" "~2.3.0"
    "on-headers" "~1.0.1"

"ms@2.0.0":
  "integrity" "sha1-VgiurfwAvmwpAd9fmGF4jeDVl8g="
  "resolved" "https://artifactory.g.devqa.gcp.dev.paypalinc.com/artifactory/api/npm/npm-all/ms/-/ms-2.0.0.tgz"
  "version" "2.0.0"

"negotiator@0.6.3":
  "integrity" "sha1-WOMjpy/twNb5zU0x/kn1FHlZDM0="
  "resolved" "https://artifactory.g.devqa.gcp.dev.paypalinc.com/artifactory/api/npm/npm-all/negotiator/-/negotiator-0.6.3.tgz"
  "version" "0.6.3"

"node-fetch@^2.6.7":
  "integrity" "sha1-fH90S1zG61/UBODHqf7GMKVWV+Y= sha512-DJm/CJkZkRjKKj4Zi4BsKVZh3ValV5IR5s7LVZnW+6YMh0W1BfNA8XSs6DLMGYlId5F3KnA70uu2qepcR08Qqg=="
  "resolved" "https://artifactory.g.devqa.gcp.dev.paypalinc.com/artifactory/api/npm/npm-all/node-fetch/-/node-fetch-2.6.9.tgz"
  "version" "2.6.9"
  dependencies:
    "whatwg-url" "^5.0.0"

"on-finished@~2.3.0":
  "integrity" "sha1-IPEzZIGwg811M3mSoWlxqi2QaUc="
  "resolved" "https://artifactory.g.devqa.gcp.dev.paypalinc.com/artifactory/api/npm/npm-all/on-finished/-/on-finished-2.3.0.tgz"
  "version" "2.3.0"
  dependencies:
    "ee-first" "1.1.1"

"on-headers@~1.0.1":
  "integrity" "sha1-dysK5qqlJcOZ5Imt+tkMQD6zwo8="
  "resolved" "https://artifactory.g.devqa.gcp.dev.paypalinc.com/artifactory/api/npm/npm-all/on-headers/-/on-headers-1.0.2.tgz"
  "version" "1.0.2"

"parseurl@~1.3.2":
  "integrity" "sha1-naGee+6NEt/wUT7Vt2lXeTvC6NQ="
  "resolved" "https://artifactory.g.devqa.gcp.dev.paypalinc.com/artifactory/api/npm/npm-all/parseurl/-/parseurl-1.3.3.tgz"
  "version" "1.3.3"

"path-to-regexp@0.1.7":
  "integrity" "sha1-32BBeABfUi8V60SQ5yR6G/qmf4w="
  "resolved" "https://artifactory.g.devqa.gcp.dev.paypalinc.com/artifactory/api/npm/npm-all/path-to-regexp/-/path-to-regexp-0.1.7.tgz"
  "version" "0.1.7"

"promise-polyfill@^8.3.0":
  "integrity" "sha1-koSBAmgTjRA4B7EfTiPV6UWk22M= sha512-H5oELycFml5yto/atYqmjyigJoAo3+OXwolYiH7OfQuYlAqhxNvTfiNMbV9hsC6Yp83yE5r2KTVmtrG6R9i6Pg=="
  "resolved" "https://artifactory.g.devqa.gcp.dev.paypalinc.com/artifactory/api/npm/npm-all/promise-polyfill/-/promise-polyfill-8.3.0.tgz"
  "version" "8.3.0"

"proxy-addr@~2.0.4":
  "integrity" "sha1-8Z/mnOqzEe65S0LnDowgcPm6ECU="
  "resolved" "https://artifactory.g.devqa.gcp.dev.paypalinc.com/artifactory/api/npm/npm-all/proxy-addr/-/proxy-addr-2.0.7.tgz"
  "version" "2.0.7"
  dependencies:
    "forwarded" "0.2.0"
    "ipaddr.js" "1.9.1"

"qs@6.5.2":
  "integrity" "sha1-yzroBuh0BERYTvFUzo7pjUA/PjY="
  "resolved" "https://artifactory.g.devqa.gcp.dev.paypalinc.com/artifactory/api/npm/npm-all/qs/-/qs-6.5.2.tgz"
  "version" "6.5.2"

"range-parser@~1.2.0":
  "integrity" "sha1-PPNwI9GZ4cJNGlW4SADC8+ZGgDE="
  "resolved" "https://artifactory.g.devqa.gcp.dev.paypalinc.com/artifactory/api/npm/npm-all/range-parser/-/range-parser-1.2.1.tgz"
  "version" "1.2.1"

"raw-body@2.3.3":
  "integrity" "sha1-GzJOzmtXBuFThVvBFIxlu39uoMM="
  "resolved" "https://artifactory.g.devqa.gcp.dev.paypalinc.com/artifactory/api/npm/npm-all/raw-body/-/raw-body-2.3.3.tgz"
  "version" "2.3.3"
  dependencies:
    "bytes" "3.0.0"
    "http-errors" "1.6.3"
    "iconv-lite" "0.4.23"
    "unpipe" "1.0.0"

"safe-buffer@5.1.2":
  "integrity" "sha1-mR7GnSluAxN0fVm9/St0XDX4go0="
  "resolved" "https://artifactory.g.devqa.gcp.dev.paypalinc.com/artifactory/api/npm/npm-all/safe-buffer/-/safe-buffer-5.1.2.tgz"
  "version" "5.1.2"

"safer-buffer@>= 2.1.2 < 3":
  "integrity" "sha1-RPoWGwGHuVSd2Eu5GAL5vYOFzWo="
  "resolved" "https://artifactory.g.devqa.gcp.dev.paypalinc.com/artifactory/api/npm/npm-all/safer-buffer/-/safer-buffer-2.1.2.tgz"
  "version" "2.1.2"

"sax@>=0.6.0":
  "integrity" "sha1-KBYjTiN4vdxOU1T6tcqold9xANk="
  "resolved" "https://artifactory.g.devqa.gcp.dev.paypalinc.com/artifactory/api/npm/npm-all/sax/-/sax-1.2.4.tgz"
  "version" "1.2.4"

"send@0.16.2":
  "integrity" "sha1-bsyh4PjBVtFBWXVZhI32RzCmu8E="
  "resolved" "https://artifactory.g.devqa.gcp.dev.paypalinc.com/artifactory/api/npm/npm-all/send/-/send-0.16.2.tgz"
  "version" "0.16.2"
  dependencies:
    "debug" "2.6.9"
    "depd" "~1.1.2"
    "destroy" "~1.0.4"
    "encodeurl" "~1.0.2"
    "escape-html" "~1.0.3"
    "etag" "~1.8.1"
    "fresh" "0.5.2"
    "http-errors" "~1.6.2"
    "mime" "1.4.1"
    "ms" "2.0.0"
    "on-finished" "~2.3.0"
    "range-parser" "~1.2.0"
    "statuses" "~1.4.0"

"serve-static@1.13.2":
  "integrity" "sha1-CV6Ecv1bRiN9tQzkhqQ/S4bGzsE="
  "resolved" "https://artifactory.g.devqa.gcp.dev.paypalinc.com/artifactory/api/npm/npm-all/serve-static/-/serve-static-1.13.2.tgz"
  "version" "1.13.2"
  dependencies:
    "encodeurl" "~1.0.2"
    "escape-html" "~1.0.3"
    "parseurl" "~1.3.2"
    "send" "0.16.2"

"setprototypeof@1.1.0":
  "integrity" "sha1-0L2FU2iHtv58DYGMuWLZ2RxU5lY="
  "resolved" "https://artifactory.g.devqa.gcp.dev.paypalinc.com/artifactory/api/npm/npm-all/setprototypeof/-/setprototypeof-1.1.0.tgz"
  "version" "1.1.0"

"statuses@>= 1.4.0 < 2", "statuses@~1.4.0":
  "integrity" "sha1-u3PURtonlhBu/MG2AaJT1sRr0Ic="
  "resolved" "https://artifactory.g.devqa.gcp.dev.paypalinc.com/artifactory/api/npm/npm-all/statuses/-/statuses-1.4.0.tgz"
  "version" "1.4.0"

"supports-color@^7.1.0":
  "integrity" "sha1-G33NyzK4E4gBs+R4umpRyqiWSNo="
  "resolved" "https://artifactory.g.devqa.gcp.dev.paypalinc.com/artifactory/api/npm/npm-all/supports-color/-/supports-color-7.2.0.tgz"
  "version" "7.2.0"
  dependencies:
    "has-flag" "^4.0.0"

"tr46@~0.0.3":
  "integrity" "sha1-gYT9NH2snNwYWZLzpmIuFLnZq2o="
  "resolved" "https://artifactory.g.devqa.gcp.dev.paypalinc.com/artifactory/api/npm/npm-all/tr46/-/tr46-0.0.3.tgz"
  "version" "0.0.3"

"type-is@~1.6.16":
  "integrity" "sha1-TlUs0F3wlGfcvE73Od6J8s83wTE="
  "resolved" "https://artifactory.g.devqa.gcp.dev.paypalinc.com/artifactory/api/npm/npm-all/type-is/-/type-is-1.6.18.tgz"
  "version" "1.6.18"
  dependencies:
    "media-typer" "0.3.0"
    "mime-types" "~2.1.24"

"unpipe@~1.0.0", "unpipe@1.0.0":
  "integrity" "sha1-sr9O6FFKrmFltIF4KdIbLvSZBOw="
  "resolved" "https://artifactory.g.devqa.gcp.dev.paypalinc.com/artifactory/api/npm/npm-all/unpipe/-/unpipe-1.0.0.tgz"
  "version" "1.0.0"

"utils-merge@1.0.1":
  "integrity" "sha1-n5VxD1CiZ5R7LMwSR0HBAoQn5xM="
  "resolved" "https://artifactory.g.devqa.gcp.dev.paypalinc.com/artifactory/api/npm/npm-all/utils-merge/-/utils-merge-1.0.1.tgz"
  "version" "1.0.1"

"vary@~1.1.2":
  "integrity" "sha1-IpnwLG3tMNSllhsLn3RSShj2NPw="
  "resolved" "https://artifactory.g.devqa.gcp.dev.paypalinc.com/artifactory/api/npm/npm-all/vary/-/vary-1.1.2.tgz"
  "version" "1.1.2"

"webidl-conversions@^3.0.0":
  "integrity" "sha1-JFNCdeKnvGvnvIZhHMFq4KVlSHE="
  "resolved" "https://artifactory.g.devqa.gcp.dev.paypalinc.com/artifactory/api/npm/npm-all/webidl-conversions/-/webidl-conversions-3.0.1.tgz"
  "version" "3.0.1"

"whatwg-url@^5.0.0":
  "integrity" "sha1-lmRU6HZUYuN2RNNib2dCzotwll0="
  "resolved" "https://artifactory.g.devqa.gcp.dev.paypalinc.com/artifactory/api/npm/npm-all/whatwg-url/-/whatwg-url-5.0.0.tgz"
  "version" "5.0.0"
  dependencies:
    "tr46" "~0.0.3"
    "webidl-conversions" "^3.0.0"

"xml2js@0.5.0":
  "integrity" "sha1-2UQGMfuy7YACA/rRBvJyT2LEk7c= sha512-drPFnkQJik/O+uPKpqSgr22mpuFHqKdbS835iAQrUC73L2F5WkboIRd63ai/2Yg6I1jzifPFKH2NTK+cfglkIA=="
  "resolved" "https://artifactory.g.devqa.gcp.dev.paypalinc.com/artifactory/api/npm/npm-all/xml2js/-/xml2js-0.5.0.tgz"
  "version" "0.5.0"
  dependencies:
    "sax" ">=0.6.0"
    "xmlbuilder" "~11.0.0"

"xmlbuilder@~11.0.0":
  "integrity" "sha1-vpuuHIoEbnazESdyY0fQrXACvrM="
  "resolved" "https://artifactory.g.devqa.gcp.dev.paypalinc.com/artifactory/api/npm/npm-all/xmlbuilder/-/xmlbuilder-11.0.1.tgz"
  "version" "11.0.1"
